// !$*UTF8*$!
{
	archiveVersion = 1;
	classes = {
	};
	objectVersion = 46;
	objects = {

/* Begin PBXBuildFile section */
		FB777DAB1C818E2900557087 /* AppDelegate.swift in Sources */ = {isa = PBXBuildFile; fileRef = FB777DAA1C818E2800557087 /* AppDelegate.swift */; };
		FB777DAD1C818E2900557087 /* ViewController.swift in Sources */ = {isa = PBXBuildFile; fileRef = FB777DAC1C818E2900557087 /* ViewController.swift */; };
		FB777DB01C818E2900557087 /* Main.storyboard in Resources */ = {isa = PBXBuildFile; fileRef = FB777DAE1C818E2900557087 /* Main.storyboard */; };
		FB777DB31C818E2900557087 /* Aliviara.xcdatamodeld in Sources */ = {isa = PBXBuildFile; fileRef = FB777DB11C818E2900557087 /* Aliviara.xcdatamodeld */; };
		FB777DB51C818E2900557087 /* Assets.xcassets in Resources */ = {isa = PBXBuildFile; fileRef = FB777DB41C818E2900557087 /* Assets.xcassets */; };
		FB777DB81C818E2900557087 /* LaunchScreen.storyboard in Resources */ = {isa = PBXBuildFile; fileRef = FB777DB61C818E2900557087 /* LaunchScreen.storyboard */; };
		FB777DC31C818E2900557087 /* AliviaraTests.swift in Sources */ = {isa = PBXBuildFile; fileRef = FB777DC21C818E2900557087 /* AliviaraTests.swift */; };
		FB777DCE1C818E2900557087 /* AliviaraUITests.swift in Sources */ = {isa = PBXBuildFile; fileRef = FB777DCD1C818E2900557087 /* AliviaraUITests.swift */; };
/* End PBXBuildFile section */

/* Begin PBXContainerItemProxy section */
		FB777DBF1C818E2900557087 /* PBXContainerItemProxy */ = {
			isa = PBXContainerItemProxy;
			containerPortal = FB777D9F1C818E2800557087 /* Project object */;
			proxyType = 1;
			remoteGlobalIDString = FB777DA61C818E2800557087;
			remoteInfo = Aliviara;
		};
		FB777DCA1C818E2900557087 /* PBXContainerItemProxy */ = {
			isa = PBXContainerItemProxy;
			containerPortal = FB777D9F1C818E2800557087 /* Project object */;
			proxyType = 1;
			remoteGlobalIDString = FB777DA61C818E2800557087;
			remoteInfo = Aliviara;
		};
/* End PBXContainerItemProxy section */

/* Begin PBXFileReference section */
		FB777DA71C818E2800557087 /* Aliviara.app */ = {isa = PBXFileReference; explicitFileType = wrapper.application; includeInIndex = 0; path = Aliviara.app; sourceTree = BUILT_PRODUCTS_DIR; };
		FB777DAA1C818E2800557087 /* AppDelegate.swift */ = {isa = PBXFileReference; lastKnownFileType = sourcecode.swift; path = AppDelegate.swift; sourceTree = "<group>"; };
		FB777DAC1C818E2900557087 /* ViewController.swift */ = {isa = PBXFileReference; lastKnownFileType = sourcecode.swift; path = ViewController.swift; sourceTree = "<group>"; };
		FB777DAF1C818E2900557087 /* Base */ = {isa = PBXFileReference; lastKnownFileType = file.storyboard; name = Base; path = Base.lproj/Main.storyboard; sourceTree = "<group>"; };
		FB777DB21C818E2900557087 /* Aliviara.xcdatamodel */ = {isa = PBXFileReference; lastKnownFileType = wrapper.xcdatamodel; path = Aliviara.xcdatamodel; sourceTree = "<group>"; };
		FB777DB41C818E2900557087 /* Assets.xcassets */ = {isa = PBXFileReference; lastKnownFileType = folder.assetcatalog; path = Assets.xcassets; sourceTree = "<group>"; };
		FB777DB71C818E2900557087 /* Base */ = {isa = PBXFileReference; lastKnownFileType = file.storyboard; name = Base; path = Base.lproj/LaunchScreen.storyboard; sourceTree = "<group>"; };
		FB777DB91C818E2900557087 /* Info.plist */ = {isa = PBXFileReference; lastKnownFileType = text.plist.xml; path = Info.plist; sourceTree = "<group>"; };
		FB777DBE1C818E2900557087 /* AliviaraTests.xctest */ = {isa = PBXFileReference; explicitFileType = wrapper.cfbundle; includeInIndex = 0; path = AliviaraTests.xctest; sourceTree = BUILT_PRODUCTS_DIR; };
		FB777DC21C818E2900557087 /* AliviaraTests.swift */ = {isa = PBXFileReference; lastKnownFileType = sourcecode.swift; path = AliviaraTests.swift; sourceTree = "<group>"; };
		FB777DC41C818E2900557087 /* Info.plist */ = {isa = PBXFileReference; lastKnownFileType = text.plist.xml; path = Info.plist; sourceTree = "<group>"; };
		FB777DC91C818E2900557087 /* AliviaraUITests.xctest */ = {isa = PBXFileReference; explicitFileType = wrapper.cfbundle; includeInIndex = 0; path = AliviaraUITests.xctest; sourceTree = BUILT_PRODUCTS_DIR; };
		FB777DCD1C818E2900557087 /* AliviaraUITests.swift */ = {isa = PBXFileReference; lastKnownFileType = sourcecode.swift; path = AliviaraUITests.swift; sourceTree = "<group>"; };
		FB777DCF1C818E2900557087 /* Info.plist */ = {isa = PBXFileReference; lastKnownFileType = text.plist.xml; path = Info.plist; sourceTree = "<group>"; };
/* End PBXFileReference section */

/* Begin PBXFrameworksBuildPhase section */
		FB777DA41C818E2800557087 /* Frameworks */ = {
			isa = PBXFrameworksBuildPhase;
			buildActionMask = 2147483647;
			files = (
			);
			runOnlyForDeploymentPostprocessing = 0;
		};
		FB777DBB1C818E2900557087 /* Frameworks */ = {
			isa = PBXFrameworksBuildPhase;
			buildActionMask = 2147483647;
			files = (
			);
			runOnlyForDeploymentPostprocessing = 0;
		};
		FB777DC61C818E2900557087 /* Frameworks */ = {
			isa = PBXFrameworksBuildPhase;
			buildActionMask = 2147483647;
			files = (
			);
			runOnlyForDeploymentPostprocessing = 0;
		};
/* End PBXFrameworksBuildPhase section */

/* Begin PBXGroup section */
		FB777D9E1C818E2800557087 = {
			isa = PBXGroup;
			children = (
				FB777DA91C818E2800557087 /* Aliviara */,
				FB777DC11C818E2900557087 /* AliviaraTests */,
				FB777DCC1C818E2900557087 /* AliviaraUITests */,
				FB777DA81C818E2800557087 /* Products */,
			);
			sourceTree = "<group>";
		};
		FB777DA81C818E2800557087 /* Products */ = {
			isa = PBXGroup;
			children = (
				FB777DA71C818E2800557087 /* Aliviara.app */,
				FB777DBE1C818E2900557087 /* AliviaraTests.xctest */,
				FB777DC91C818E2900557087 /* AliviaraUITests.xctest */,
			);
			name = Products;
			sourceTree = "<group>";
		};
		FB777DA91C818E2800557087 /* Aliviara */ = {
			isa = PBXGroup;
			children = (
				FB777DAA1C818E2800557087 /* AppDelegate.swift */,
				FB777DAC1C818E2900557087 /* ViewController.swift */,
				FB777DAE1C818E2900557087 /* Main.storyboard */,
				FB777DB41C818E2900557087 /* Assets.xcassets */,
				FB777DB61C818E2900557087 /* LaunchScreen.storyboard */,
				FB777DB91C818E2900557087 /* Info.plist */,
				FB777DB11C818E2900557087 /* Aliviara.xcdatamodeld */,
			);
			path = Aliviara;
			sourceTree = "<group>";
		};
		FB777DC11C818E2900557087 /* AliviaraTests */ = {
			isa = PBXGroup;
			children = (
				FB777DC21C818E2900557087 /* AliviaraTests.swift */,
				FB777DC41C818E2900557087 /* Info.plist */,
			);
			path = AliviaraTests;
			sourceTree = "<group>";
		};
		FB777DCC1C818E2900557087 /* AliviaraUITests */ = {
			isa = PBXGroup;
			children = (
				FB777DCD1C818E2900557087 /* AliviaraUITests.swift */,
				FB777DCF1C818E2900557087 /* Info.plist */,
			);
			path = AliviaraUITests;
			sourceTree = "<group>";
		};
/* End PBXGroup section */

/* Begin PBXNativeTarget section */
		FB777DA61C818E2800557087 /* Aliviara */ = {
			isa = PBXNativeTarget;
			buildConfigurationList = FB777DD21C818E2900557087 /* Build configuration list for PBXNativeTarget "Aliviara" */;
			buildPhases = (
				FB777DA31C818E2800557087 /* Sources */,
				FB777DA41C818E2800557087 /* Frameworks */,
				FB777DA51C818E2800557087 /* Resources */,
			);
			buildRules = (
			);
			dependencies = (
			);
			name = Aliviara;
			productName = Aliviara;
			productReference = FB777DA71C818E2800557087 /* Aliviara.app */;
			productType = "com.apple.product-type.application";
		};
		FB777DBD1C818E2900557087 /* AliviaraTests */ = {
			isa = PBXNativeTarget;
			buildConfigurationList = FB777DD51C818E2900557087 /* Build configuration list for PBXNativeTarget "AliviaraTests" */;
			buildPhases = (
				FB777DBA1C818E2900557087 /* Sources */,
				FB777DBB1C818E2900557087 /* Frameworks */,
				FB777DBC1C818E2900557087 /* Resources */,
			);
			buildRules = (
			);
			dependencies = (
				FB777DC01C818E2900557087 /* PBXTargetDependency */,
			);
			name = AliviaraTests;
			productName = AliviaraTests;
			productReference = FB777DBE1C818E2900557087 /* AliviaraTests.xctest */;
			productType = "com.apple.product-type.bundle.unit-test";
		};
		FB777DC81C818E2900557087 /* AliviaraUITests */ = {
			isa = PBXNativeTarget;
			buildConfigurationList = FB777DD81C818E2900557087 /* Build configuration list for PBXNativeTarget "AliviaraUITests" */;
			buildPhases = (
				FB777DC51C818E2900557087 /* Sources */,
				FB777DC61C818E2900557087 /* Frameworks */,
				FB777DC71C818E2900557087 /* Resources */,
			);
			buildRules = (
			);
			dependencies = (
				FB777DCB1C818E2900557087 /* PBXTargetDependency */,
			);
			name = AliviaraUITests;
			productName = AliviaraUITests;
			productReference = FB777DC91C818E2900557087 /* AliviaraUITests.xctest */;
			productType = "com.apple.product-type.bundle.ui-testing";
		};
/* End PBXNativeTarget section */

/* Begin PBXProject section */
		FB777D9F1C818E2800557087 /* Project object */ = {
			isa = PBXProject;
			attributes = {
				LastSwiftUpdateCheck = 0710;
				LastUpgradeCheck = 0710;
				ORGANIZATIONNAME = ACorDiGhaTo;
				TargetAttributes = {
					FB777DA61C818E2800557087 = {
						CreatedOnToolsVersion = 7.1.1;
					};
					FB777DBD1C818E2900557087 = {
						CreatedOnToolsVersion = 7.1.1;
						TestTargetID = FB777DA61C818E2800557087;
					};
					FB777DC81C818E2900557087 = {
						CreatedOnToolsVersion = 7.1.1;
						TestTargetID = FB777DA61C818E2800557087;
					};
				};
			};
			buildConfigurationList = FB777DA21C818E2800557087 /* Build configuration list for PBXProject "Aliviara" */;
			compatibilityVersion = "Xcode 3.2";
			developmentRegion = English;
			hasScannedForEncodings = 0;
			knownRegions = (
				en,
				Base,
			);
			mainGroup = FB777D9E1C818E2800557087;
			productRefGroup = FB777DA81C818E2800557087 /* Products */;
			projectDirPath = "";
			projectRoot = "";
			targets = (
				FB777DA61C818E2800557087 /* Aliviara */,
				FB777DBD1C818E2900557087 /* AliviaraTests */,
				FB777DC81C818E2900557087 /* AliviaraUITests */,
			);
		};
/* End PBXProject section */

/* Begin PBXResourcesBuildPhase section */
		FB777DA51C818E2800557087 /* Resources */ = {
			isa = PBXResourcesBuildPhase;
			buildActionMask = 2147483647;
			files = (
				FB777DB81C818E2900557087 /* LaunchScreen.storyboard in Resources */,
				FB777DB51C818E2900557087 /* Assets.xcassets in Resources */,
				FB777DB01C818E2900557087 /* Main.storyboard in Resources */,
			);
			runOnlyForDeploymentPostprocessing = 0;
		};
		FB777DBC1C818E2900557087 /* Resources */ = {
			isa = PBXResourcesBuildPhase;
			buildActionMask = 2147483647;
			files = (
			);
			runOnlyForDeploymentPostprocessing = 0;
		};
		FB777DC71C818E2900557087 /* Resources */ = {
			isa = PBXResourcesBuildPhase;
			buildActionMask = 2147483647;
			files = (
			);
			runOnlyForDeploymentPostprocessing = 0;
		};
/* End PBXResourcesBuildPhase section */

/* Begin PBXSourcesBuildPhase section */
		FB777DA31C818E2800557087 /* Sources */ = {
			isa = PBXSourcesBuildPhase;
			buildActionMask = 2147483647;
			files = (
				FB777DB31C818E2900557087 /* Aliviara.xcdatamodeld in Sources */,
				FB777DAD1C818E2900557087 /* ViewController.swift in Sources */,
				FB777DAB1C818E2900557087 /* AppDelegate.swift in Sources */,
			);
			runOnlyForDeploymentPostprocessing = 0;
		};
		FB777DBA1C818E2900557087 /* Sources */ = {
			isa = PBXSourcesBuildPhase;
			buildActionMask = 2147483647;
			files = (
				FB777DC31C818E2900557087 /* AliviaraTests.swift in Sources */,
			);
			runOnlyForDeploymentPostprocessing = 0;
		};
		FB777DC51C818E2900557087 /* Sources */ = {
			isa = PBXSourcesBuildPhase;
			buildActionMask = 2147483647;
			files = (
				FB777DCE1C818E2900557087 /* AliviaraUITests.swift in Sources */,
			);
			runOnlyForDeploymentPostprocessing = 0;
		};
/* End PBXSourcesBuildPhase section */

/* Begin PBXTargetDependency section */
		FB777DC01C818E2900557087 /* PBXTargetDependency */ = {
			isa = PBXTargetDependency;
			target = FB777DA61C818E2800557087 /* Aliviara */;
			targetProxy = FB777DBF1C818E2900557087 /* PBXContainerItemProxy */;
		};
		FB777DCB1C818E2900557087 /* PBXTargetDependency */ = {
			isa = PBXTargetDependency;
			target = FB777DA61C818E2800557087 /* Aliviara */;
			targetProxy = FB777DCA1C818E2900557087 /* PBXContainerItemProxy */;
		};
/* End PBXTargetDependency section */

/* Begin PBXVariantGroup section */
		FB777DAE1C818E2900557087 /* Main.storyboard */ = {
			isa = PBXVariantGroup;
			children = (
				FB777DAF1C818E2900557087 /* Base */,
			);
			name = Main.storyboard;
			sourceTree = "<group>";
		};
		FB777DB61C818E2900557087 /* LaunchScreen.storyboard */ = {
			isa = PBXVariantGroup;
			children = (
				FB777DB71C818E2900557087 /* Base */,
			);
			name = LaunchScreen.storyboard;
			sourceTree = "<group>";
		};
/* End PBXVariantGroup section */

/* Begin XCBuildConfiguration section */
		FB777DD01C818E2900557087 /* Debug */ = {
			isa = XCBuildConfiguration;
			buildSettings = {
				ALWAYS_SEARCH_USER_PATHS = NO;
				CLANG_CXX_LANGUAGE_STANDARD = "gnu++0x";
				CLANG_CXX_LIBRARY = "libc++";
				CLANG_ENABLE_MODULES = YES;
				CLANG_ENABLE_OBJC_ARC = YES;
				CLANG_WARN_BOOL_CONVERSION = YES;
				CLANG_WARN_CONSTANT_CONVERSION = YES;
				CLANG_WARN_DIRECT_OBJC_ISA_USAGE = YES_ERROR;
				CLANG_WARN_EMPTY_BODY = YES;
				CLANG_WARN_ENUM_CONVERSION = YES;
				CLANG_WARN_INT_CONVERSION = YES;
				CLANG_WARN_OBJC_ROOT_CLASS = YES_ERROR;
				CLANG_WARN_UNREACHABLE_CODE = YES;
				CLANG_WARN__DUPLICATE_METHOD_MATCH = YES;
				"CODE_SIGN_IDENTITY[sdk=iphoneos*]" = "iPhone Developer";
				COPY_PHASE_STRIP = NO;
				DEBUG_INFORMATION_FORMAT = dwarf;
				ENABLE_STRICT_OBJC_MSGSEND = YES;
				ENABLE_TESTABILITY = YES;
				GCC_C_LANGUAGE_STANDARD = gnu99;
				GCC_DYNAMIC_NO_PIC = NO;
				GCC_NO_COMMON_BLOCKS = YES;
				GCC_OPTIMIZATION_LEVEL = 0;
				GCC_PREPROCESSOR_DEFINITIONS = (
					"DEBUG=1",
					"$(inherited)",
				);
				GCC_WARN_64_TO_32_BIT_CONVERSION = YES;
				GCC_WARN_ABOUT_RETURN_TYPE = YES_ERROR;
				GCC_WARN_UNDECLARED_SELECTOR = YES;
				GCC_WARN_UNINITIALIZED_AUTOS = YES_AGGRESSIVE;
				GCC_WARN_UNUSED_FUNCTION = YES;
				GCC_WARN_UNUSED_VARIABLE = YES;
				IPHONEOS_DEPLOYMENT_TARGET = 9.1;
				MTL_ENABLE_DEBUG_INFO = YES;
				ONLY_ACTIVE_ARCH = YES;
				SDKROOT = iphoneos;
				SWIFT_OPTIMIZATION_LEVEL = "-Onone";
				TARGETED_DEVICE_FAMILY = "1,2";
			};
			name = Debug;
		};
		FB777DD11C818E2900557087 /* Release */ = {
			isa = XCBuildConfiguration;
			buildSettings = {
				ALWAYS_SEARCH_USER_PATHS = NO;
				CLANG_CXX_LANGUAGE_STANDARD = "gnu++0x";
				CLANG_CXX_LIBRARY = "libc++";
				CLANG_ENABLE_MODULES = YES;
				CLANG_ENABLE_OBJC_ARC = YES;
				CLANG_WARN_BOOL_CONVERSION = YES;
				CLANG_WARN_CONSTANT_CONVERSION = YES;
				CLANG_WARN_DIRECT_OBJC_ISA_USAGE = YES_ERROR;
				CLANG_WARN_EMPTY_BODY = YES;
				CLANG_WARN_ENUM_CONVERSION = YES;
				CLANG_WARN_INT_CONVERSION = YES;
				CLANG_WARN_OBJC_ROOT_CLASS = YES_ERROR;
				CLANG_WARN_UNREACHABLE_CODE = YES;
				CLANG_WARN__DUPLICATE_METHOD_MATCH = YES;
				"CODE_SIGN_IDENTITY[sdk=iphoneos*]" = "iPhone Developer";
				COPY_PHASE_STRIP = NO;
				DEBUG_INFORMATION_FORMAT = "dwarf-with-dsym";
				ENABLE_NS_ASSERTIONS = NO;
				ENABLE_STRICT_OBJC_MSGSEND = YES;
				GCC_C_LANGUAGE_STANDARD = gnu99;
				GCC_NO_COMMON_BLOCKS = YES;
				GCC_WARN_64_TO_32_BIT_CONVERSION = YES;
				GCC_WARN_ABOUT_RETURN_TYPE = YES_ERROR;
				GCC_WARN_UNDECLARED_SELECTOR = YES;
				GCC_WARN_UNINITIALIZED_AUTOS = YES_AGGRESSIVE;
				GCC_WARN_UNUSED_FUNCTION = YES;
				GCC_WARN_UNUSED_VARIABLE = YES;
				IPHONEOS_DEPLOYMENT_TARGET = 9.1;
				MTL_ENABLE_DEBUG_INFO = NO;
				SDKROOT = iphoneos;
				TARGETED_DEVICE_FAMILY = "1,2";
				VALIDATE_PRODUCT = YES;
			};
			name = Release;
		};
		FB777DD31C818E2900557087 /* Debug */ = {
			isa = XCBuildConfiguration;
			buildSettings = {
				ASSETCATALOG_COMPILER_APPICON_NAME = AppIcon;
				INFOPLIST_FILE = Aliviara/Info.plist;
				IPHONEOS_DEPLOYMENT_TARGET = 7.0;
				LD_RUNPATH_SEARCH_PATHS = "$(inherited) @executable_path/Frameworks";
				PRODUCT_BUNDLE_IDENTIFIER = com.acordighato.Aliviara;
				PRODUCT_NAME = "$(TARGET_NAME)";
				TARGETED_DEVICE_FAMILY = 1;
			};
			name = Debug;
		};
		FB777DD41C818E2900557087 /* Release */ = {
			isa = XCBuildConfiguration;
			buildSettings = {
				ASSETCATALOG_COMPILER_APPICON_NAME = AppIcon;
				INFOPLIST_FILE = Aliviara/Info.plist;
				IPHONEOS_DEPLOYMENT_TARGET = 7.0;
				LD_RUNPATH_SEARCH_PATHS = "$(inherited) @executable_path/Frameworks";
				PRODUCT_BUNDLE_IDENTIFIER = com.acordighato.Aliviara;
				PRODUCT_NAME = "$(TARGET_NAME)";
				TARGETED_DEVICE_FAMILY = 1;
			};
			name = Release;
		};
		FB777DD61C818E2900557087 /* Debug */ = {
			isa = XCBuildConfiguration;
			buildSettings = {
				BUNDLE_LOADER = "$(TEST_HOST)";
				INFOPLIST_FILE = AliviaraTests/Info.plist;
				LD_RUNPATH_SEARCH_PATHS = "$(inherited) @executable_path/Frameworks @loader_path/Frameworks";
				PRODUCT_BUNDLE_IDENTIFIER = com.acordighato.AliviaraTests;
				PRODUCT_NAME = "$(TARGET_NAME)";
				TEST_HOST = "$(BUILT_PRODUCTS_DIR)/Aliviara.app/Aliviara";
			};
			name = Debug;
		};
		FB777DD71C818E2900557087 /* Release */ = {
			isa = XCBuildConfiguration;
			buildSettings = {
				BUNDLE_LOADER = "$(TEST_HOST)";
				INFOPLIST_FILE = AliviaraTests/Info.plist;
				LD_RUNPATH_SEARCH_PATHS = "$(inherited) @executable_path/Frameworks @loader_path/Frameworks";
				PRODUCT_BUNDLE_IDENTIFIER = com.acordighato.AliviaraTests;
				PRODUCT_NAME = "$(TARGET_NAME)";
				TEST_HOST = "$(BUILT_PRODUCTS_DIR)/Aliviara.app/Aliviara";
			};
			name = Release;
		};
		FB777DD91C818E2900557087 /* Debug */ = {
			isa = XCBuildConfiguration;
			buildSettings = {
				INFOPLIST_FILE = AliviaraUITests/Info.plist;
				LD_RUNPATH_SEARCH_PATHS = "$(inherited) @executable_path/Frameworks @loader_path/Frameworks";
				PRODUCT_BUNDLE_IDENTIFIER = com.acordighato.AliviaraUITests;
				PRODUCT_NAME = "$(TARGET_NAME)";
				TEST_TARGET_NAME = Aliviara;
				USES_XCTRUNNER = YES;
			};
			name = Debug;
		};
		FB777DDA1C818E2900557087 /* Release */ = {
			isa = XCBuildConfiguration;
			buildSettings = {
				INFOPLIST_FILE = AliviaraUITests/Info.plist;
				LD_RUNPATH_SEARCH_PATHS = "$(inherited) @executable_path/Frameworks @loader_path/Frameworks";
				PRODUCT_BUNDLE_IDENTIFIER = com.acordighato.AliviaraUITests;
				PRODUCT_NAME = "$(TARGET_NAME)";
				TEST_TARGET_NAME = Aliviara;
				USES_XCTRUNNER = YES;
			};
			name = Release;
		};
/* End XCBuildConfiguration section */

/* Begin XCConfigurationList section */
		FB777DA21C818E2800557087 /* Build configuration list for PBXProject "Aliviara" */ = {
			isa = XCConfigurationList;
			buildConfigurations = (
				FB777DD01C818E2900557087 /* Debug */,
				FB777DD11C818E2900557087 /* Release */,
			);
			defaultConfigurationIsVisible = 0;
			defaultConfigurationName = Release;
		};
		FB777DD21C818E2900557087 /* Build configuration list for PBXNativeTarget "Aliviara" */ = {
			isa = XCConfigurationList;
			buildConfigurations = (
				FB777DD31C818E2900557087 /* Debug */,
				FB777DD41C818E2900557087 /* Release */,
			);
			defaultConfigurationIsVisible = 0;
		};
		FB777DD51C818E2900557087 /* Build configuration list for PBXNativeTarget "AliviaraTests" */ = {
			isa = XCConfigurationList;
			buildConfigurations = (
				FB777DD61C818E2900557087 /* Debug */,
				FB777DD71C818E2900557087 /* Release */,
			);
			defaultConfigurationIsVisible = 0;
		};
		FB777DD81C818E2900557087 /* Build configuration list for PBXNativeTarget "AliviaraUITests" */ = {
			isa = XCConfigurationList;
			buildConfigurations = (
				FB777DD91C818E2900557087 /* Debug */,
				FB777DDA1C818E2900557087 /* Release */,
			);
			defaultConfigurationIsVisible = 0;
		};
/* End XCConfigurationList section */

/* Begin XCVersionGroup section */
		FB777DB11C818E2900557087 /* Aliviara.xcdatamodeld */ = {
			isa = XCVersionGroup;
			children = (
				FB777DB21C818E2900557087 /* Aliviara.xcdatamodel */,
			);
			currentVersion = FB777DB21C818E2900557087 /* Aliviara.xcdatamodel */;
			path = Aliviara.xcdatamodeld;
			sourceTree = "<group>";
			versionGroupType = wrapper.xcdatamodel;
		};
/* End XCVersionGroup section */
	};
	rootObject = FB777D9F1C818E2800557087 /* Project object */;
}
